// !$*UTF8*$!
{
	archiveVersion = 1;
	classes = {
	};
	objectVersion = 50;
	objects = {

/* Begin PBXBuildFile section */
		EAC172A224697F9A0004960F /* AppDelegate.swift in Sources */ = {isa = PBXBuildFile; fileRef = EAC172A124697F9A0004960F /* AppDelegate.swift */; };
		EAC172AB24697F9B0004960F /* Assets.xcassets in Resources */ = {isa = PBXBuildFile; fileRef = EAC172AA24697F9B0004960F /* Assets.xcassets */; };
		EAC172AE24697F9B0004960F /* LaunchScreen.storyboard in Resources */ = {isa = PBXBuildFile; fileRef = EAC172AC24697F9B0004960F /* LaunchScreen.storyboard */; };
		EAC172BA246985080004960F /* AppDelegate+Config.swift in Sources */ = {isa = PBXBuildFile; fileRef = EAC172B9246985080004960F /* AppDelegate+Config.swift */; };
		EAC172BD24698D3F0004960F /* ScannerViewController.swift in Sources */ = {isa = PBXBuildFile; fileRef = EAC172BB24698D3F0004960F /* ScannerViewController.swift */; };
		EAC172BE24698D3F0004960F /* ScannerViewController.xib in Resources */ = {isa = PBXBuildFile; fileRef = EAC172BC24698D3F0004960F /* ScannerViewController.xib */; };
		EAC172C224698E780004960F /* QRScannerView.swift in Sources */ = {isa = PBXBuildFile; fileRef = EAC172C124698E780004960F /* QRScannerView.swift */; };
/* End PBXBuildFile section */

/* Begin PBXFileReference section */
		EAC1729E24697F9A0004960F /* ScanBarcode.app */ = {isa = PBXFileReference; explicitFileType = wrapper.application; includeInIndex = 0; path = ScanBarcode.app; sourceTree = BUILT_PRODUCTS_DIR; };
		EAC172A124697F9A0004960F /* AppDelegate.swift */ = {isa = PBXFileReference; lastKnownFileType = sourcecode.swift; path = AppDelegate.swift; sourceTree = "<group>"; };
		EAC172AA24697F9B0004960F /* Assets.xcassets */ = {isa = PBXFileReference; lastKnownFileType = folder.assetcatalog; path = Assets.xcassets; sourceTree = "<group>"; };
		EAC172AD24697F9B0004960F /* Base */ = {isa = PBXFileReference; lastKnownFileType = file.storyboard; name = Base; path = Base.lproj/LaunchScreen.storyboard; sourceTree = "<group>"; };
		EAC172AF24697F9B0004960F /* Info.plist */ = {isa = PBXFileReference; lastKnownFileType = text.plist.xml; path = Info.plist; sourceTree = "<group>"; };
		EAC172B9246985080004960F /* AppDelegate+Config.swift */ = {isa = PBXFileReference; lastKnownFileType = sourcecode.swift; path = "AppDelegate+Config.swift"; sourceTree = "<group>"; };
		EAC172BB24698D3F0004960F /* ScannerViewController.swift */ = {isa = PBXFileReference; lastKnownFileType = sourcecode.swift; path = ScannerViewController.swift; sourceTree = "<group>"; };
		EAC172BC24698D3F0004960F /* ScannerViewController.xib */ = {isa = PBXFileReference; lastKnownFileType = file.xib; path = ScannerViewController.xib; sourceTree = "<group>"; };
		EAC172C124698E780004960F /* QRScannerView.swift */ = {isa = PBXFileReference; fileEncoding = 4; lastKnownFileType = sourcecode.swift; path = QRScannerView.swift; sourceTree = "<group>"; };
/* End PBXFileReference section */

/* Begin PBXFrameworksBuildPhase section */
		EAC1729B24697F9A0004960F /* Frameworks */ = {
			isa = PBXFrameworksBuildPhase;
			buildActionMask = 2147483647;
			files = (
			);
			runOnlyForDeploymentPostprocessing = 0;
		};
/* End PBXFrameworksBuildPhase section */

/* Begin PBXGroup section */
		EAC1729524697F9A0004960F = {
			isa = PBXGroup;
			children = (
				EAC172A024697F9A0004960F /* ScanBarcode */,
				EAC1729F24697F9A0004960F /* Products */,
			);
			sourceTree = "<group>";
		};
		EAC1729F24697F9A0004960F /* Products */ = {
			isa = PBXGroup;
			children = (
				EAC1729E24697F9A0004960F /* ScanBarcode.app */,
			);
			name = Products;
			sourceTree = "<group>";
		};
		EAC172A024697F9A0004960F /* ScanBarcode */ = {
			isa = PBXGroup;
			children = (
				EAC172BF24698E530004960F /* Business */,
				EAC172A124697F9A0004960F /* AppDelegate.swift */,
				EAC172B9246985080004960F /* AppDelegate+Config.swift */,
				EAC172AA24697F9B0004960F /* Assets.xcassets */,
				EAC172AC24697F9B0004960F /* LaunchScreen.storyboard */,
				EAC172AF24697F9B0004960F /* Info.plist */,
				EAC172B524697FD50004960F /* ViewController */,
			);
			path = ScanBarcode;
			sourceTree = "<group>";
		};
		EAC172B524697FD50004960F /* ViewController */ = {
			isa = PBXGroup;
			children = (
				EAC172B624697FEB0004960F /* ScannerViewController */,
			);
			path = ViewController;
			sourceTree = "<group>";
		};
		EAC172B624697FEB0004960F /* ScannerViewController */ = {
			isa = PBXGroup;
			children = (
				EAC172BB24698D3F0004960F /* ScannerViewController.swift */,
				EAC172BC24698D3F0004960F /* ScannerViewController.xib */,
			);
			path = ScannerViewController;
			sourceTree = "<group>";
		};
		EAC172BF24698E530004960F /* Business */ = {
			isa = PBXGroup;
			children = (
				EAC172C024698E640004960F /* QRScannerView */,
			);
			path = Business;
			sourceTree = "<group>";
		};
		EAC172C024698E640004960F /* QRScannerView */ = {
			isa = PBXGroup;
			children = (
				EAC172C124698E780004960F /* QRScannerView.swift */,
			);
			path = QRScannerView;
			sourceTree = "<group>";
		};
/* End PBXGroup section */

/* Begin PBXNativeTarget section */
		EAC1729D24697F9A0004960F /* ScanBarcode */ = {
			isa = PBXNativeTarget;
			buildConfigurationList = EAC172B224697F9B0004960F /* Build configuration list for PBXNativeTarget "ScanBarcode" */;
			buildPhases = (
				EAC1729A24697F9A0004960F /* Sources */,
				EAC1729B24697F9A0004960F /* Frameworks */,
				EAC1729C24697F9A0004960F /* Resources */,
			);
			buildRules = (
			);
			dependencies = (
			);
			name = ScanBarcode;
			productName = ScanBarcode;
			productReference = EAC1729E24697F9A0004960F /* ScanBarcode.app */;
			productType = "com.apple.product-type.application";
		};
/* End PBXNativeTarget section */

/* Begin PBXProject section */
		EAC1729624697F9A0004960F /* Project object */ = {
			isa = PBXProject;
			attributes = {
				LastSwiftUpdateCheck = 1130;
				LastUpgradeCheck = 1130;
				ORGANIZATIONNAME = "Nguyen Trung Hieu";
				TargetAttributes = {
					EAC1729D24697F9A0004960F = {
						CreatedOnToolsVersion = 11.3.1;
					};
				};
			};
			buildConfigurationList = EAC1729924697F9A0004960F /* Build configuration list for PBXProject "ScanBarcode" */;
			compatibilityVersion = "Xcode 9.3";
			developmentRegion = en;
			hasScannedForEncodings = 0;
			knownRegions = (
				en,
				Base,
			);
			mainGroup = EAC1729524697F9A0004960F;
			productRefGroup = EAC1729F24697F9A0004960F /* Products */;
			projectDirPath = "";
			projectRoot = "";
			targets = (
				EAC1729D24697F9A0004960F /* ScanBarcode */,
			);
		};
/* End PBXProject section */

/* Begin PBXResourcesBuildPhase section */
		EAC1729C24697F9A0004960F /* Resources */ = {
			isa = PBXResourcesBuildPhase;
			buildActionMask = 2147483647;
			files = (
				EAC172BE24698D3F0004960F /* ScannerViewController.xib in Resources */,
				EAC172AE24697F9B0004960F /* LaunchScreen.storyboard in Resources */,
				EAC172AB24697F9B0004960F /* Assets.xcassets in Resources */,
			);
			runOnlyForDeploymentPostprocessing = 0;
		};
/* End PBXResourcesBuildPhase section */

/* Begin PBXSourcesBuildPhase section */
		EAC1729A24697F9A0004960F /* Sources */ = {
			isa = PBXSourcesBuildPhase;
			buildActionMask = 2147483647;
			files = (
				EAC172BA246985080004960F /* AppDelegate+Config.swift in Sources */,
				EAC172BD24698D3F0004960F /* ScannerViewController.swift in Sources */,
				EAC172C224698E780004960F /* QRScannerView.swift in Sources */,
				EAC172A224697F9A0004960F /* AppDelegate.swift in Sources */,
			);
			runOnlyForDeploymentPostprocessing = 0;
		};
/* End PBXSourcesBuildPhase section */

/* Begin PBXVariantGroup section */
		EAC172AC24697F9B0004960F /* LaunchScreen.storyboard */ = {
			isa = PBXVariantGroup;
			children = (
				EAC172AD24697F9B0004960F /* Base */,
			);
			name = LaunchScreen.storyboard;
			sourceTree = "<group>";
		};
/* End PBXVariantGroup section */

/* Begin XCBuildConfiguration section */
		EAC172B024697F9B0004960F /* Debug */ = {
			isa = XCBuildConfiguration;
			buildSettings = {
				ALWAYS_SEARCH_USER_PATHS = NO;
				CLANG_ANALYZER_NONNULL = YES;
				CLANG_ANALYZER_NUMBER_OBJECT_CONVERSION = YES_AGGRESSIVE;
				CLANG_CXX_LANGUAGE_STANDARD = "gnu++14";
				CLANG_CXX_LIBRARY = "libc++";
				CLANG_ENABLE_MODULES = YES;
				CLANG_ENABLE_OBJC_ARC = YES;
				CLANG_ENABLE_OBJC_WEAK = YES;
				CLANG_WARN_BLOCK_CAPTURE_AUTORELEASING = YES;
				CLANG_WARN_BOOL_CONVERSION = YES;
				CLANG_WARN_COMMA = YES;
				CLANG_WARN_CONSTANT_CONVERSION = YES;
				CLANG_WARN_DEPRECATED_OBJC_IMPLEMENTATIONS = YES;
				CLANG_WARN_DIRECT_OBJC_ISA_USAGE = YES_ERROR;
				CLANG_WARN_DOCUMENTATION_COMMENTS = YES;
				CLANG_WARN_EMPTY_BODY = YES;
				CLANG_WARN_ENUM_CONVERSION = YES;
				CLANG_WARN_INFINITE_RECURSION = YES;
				CLANG_WARN_INT_CONVERSION = YES;
				CLANG_WARN_NON_LITERAL_NULL_CONVERSION = YES;
				CLANG_WARN_OBJC_IMPLICIT_RETAIN_SELF = YES;
				CLANG_WARN_OBJC_LITERAL_CONVERSION = YES;
				CLANG_WARN_OBJC_ROOT_CLASS = YES_ERROR;
				CLANG_WARN_RANGE_LOOP_ANALYSIS = YES;
				CLANG_WARN_STRICT_PROTOTYPES = YES;
				CLANG_WARN_SUSPICIOUS_MOVE = YES;
				CLANG_WARN_UNGUARDED_AVAILABILITY = YES_AGGRESSIVE;
				CLANG_WARN_UNREACHABLE_CODE = YES;
				CLANG_WARN__DUPLICATE_METHOD_MATCH = YES;
				COPY_PHASE_STRIP = NO;
				DEBUG_INFORMATION_FORMAT = dwarf;
				ENABLE_STRICT_OBJC_MSGSEND = YES;
				ENABLE_TESTABILITY = YES;
				GCC_C_LANGUAGE_STANDARD = gnu11;
				GCC_DYNAMIC_NO_PIC = NO;
				GCC_NO_COMMON_BLOCKS = YES;
				GCC_OPTIMIZATION_LEVEL = 0;
				GCC_PREPROCESSOR_DEFINITIONS = (
					"DEBUG=1",
					"$(inherited)",
				);
				GCC_WARN_64_TO_32_BIT_CONVERSION = YES;
				GCC_WARN_ABOUT_RETURN_TYPE = YES_ERROR;
				GCC_WARN_UNDECLARED_SELECTOR = YES;
				GCC_WARN_UNINITIALIZED_AUTOS = YES_AGGRESSIVE;
				GCC_WARN_UNUSED_FUNCTION = YES;
				GCC_WARN_UNUSED_VARIABLE = YES;
				IPHONEOS_DEPLOYMENT_TARGET = 13.2;
				MTL_ENABLE_DEBUG_INFO = INCLUDE_SOURCE;
				MTL_FAST_MATH = YES;
				ONLY_ACTIVE_ARCH = YES;
				SDKROOT = iphoneos;
				SWIFT_ACTIVE_COMPILATION_CONDITIONS = DEBUG;
				SWIFT_OPTIMIZATION_LEVEL = "-Onone";
			};
			name = Debug;
		};
		EAC172B124697F9B0004960F /* Release */ = {
			isa = XCBuildConfiguration;
			buildSettings = {
				ALWAYS_SEARCH_USER_PATHS = NO;
				CLANG_ANALYZER_NONNULL = YES;
				CLANG_ANALYZER_NUMBER_OBJECT_CONVERSION = YES_AGGRESSIVE;
				CLANG_CXX_LANGUAGE_STANDARD = "gnu++14";
				CLANG_CXX_LIBRARY = "libc++";
				CLANG_ENABLE_MODULES = YES;
				CLANG_ENABLE_OBJC_ARC = YES;
				CLANG_ENABLE_OBJC_WEAK = YES;
				CLANG_WARN_BLOCK_CAPTURE_AUTORELEASING = YES;
				CLANG_WARN_BOOL_CONVERSION = YES;
				CLANG_WARN_COMMA = YES;
				CLANG_WARN_CONSTANT_CONVERSION = YES;
				CLANG_WARN_DEPRECATED_OBJC_IMPLEMENTATIONS = YES;
				CLANG_WARN_DIRECT_OBJC_ISA_USAGE = YES_ERROR;
				CLANG_WARN_DOCUMENTATION_COMMENTS = YES;
				CLANG_WARN_EMPTY_BODY = YES;
				CLANG_WARN_ENUM_CONVERSION = YES;
				CLANG_WARN_INFINITE_RECURSION = YES;
				CLANG_WARN_INT_CONVERSION = YES;
				CLANG_WARN_NON_LITERAL_NULL_CONVERSION = YES;
				CLANG_WARN_OBJC_IMPLICIT_RETAIN_SELF = YES;
				CLANG_WARN_OBJC_LITERAL_CONVERSION = YES;
				CLANG_WARN_OBJC_ROOT_CLASS = YES_ERROR;
				CLANG_WARN_RANGE_LOOP_ANALYSIS = YES;
				CLANG_WARN_STRICT_PROTOTYPES = YES;
				CLANG_WARN_SUSPICIOUS_MOVE = YES;
				CLANG_WARN_UNGUARDED_AVAILABILITY = YES_AGGRESSIVE;
				CLANG_WARN_UNREACHABLE_CODE = YES;
				CLANG_WARN__DUPLICATE_METHOD_MATCH = YES;
				COPY_PHASE_STRIP = NO;
				DEBUG_INFORMATION_FORMAT = "dwarf-with-dsym";
				ENABLE_NS_ASSERTIONS = NO;
				ENABLE_STRICT_OBJC_MSGSEND = YES;
				GCC_C_LANGUAGE_STANDARD = gnu11;
				GCC_NO_COMMON_BLOCKS = YES;
				GCC_WARN_64_TO_32_BIT_CONVERSION = YES;
				GCC_WARN_ABOUT_RETURN_TYPE = YES_ERROR;
				GCC_WARN_UNDECLARED_SELECTOR = YES;
				GCC_WARN_UNINITIALIZED_AUTOS = YES_AGGRESSIVE;
				GCC_WARN_UNUSED_FUNCTION = YES;
				GCC_WARN_UNUSED_VARIABLE = YES;
				IPHONEOS_DEPLOYMENT_TARGET = 13.2;
				MTL_ENABLE_DEBUG_INFO = NO;
				MTL_FAST_MATH = YES;
				SDKROOT = iphoneos;
				SWIFT_COMPILATION_MODE = wholemodule;
				SWIFT_OPTIMIZATION_LEVEL = "-O";
				VALIDATE_PRODUCT = YES;
			};
			name = Release;
		};
		EAC172B324697F9B0004960F /* Debug */ = {
			isa = XCBuildConfiguration;
			buildSettings = {
				ASSETCATALOG_COMPILER_APPICON_NAME = AppIcon;
				CODE_SIGN_STYLE = Automatic;
				DEVELOPMENT_TEAM = DUBLSFJH5H;
				INFOPLIST_FILE = ScanBarcode/Info.plist;
				IPHONEOS_DEPLOYMENT_TARGET = 10.3;
				LD_RUNPATH_SEARCH_PATHS = (
					"$(inherited)",
					"@executable_path/Frameworks",
				);
				PRODUCT_BUNDLE_IDENTIFIER = com.vivutech.ScanBarcode;
				PRODUCT_NAME = "$(TARGET_NAME)";
				SWIFT_VERSION = 5.0;
				TARGETED_DEVICE_FAMILY = "1,2";
			};
			name = Debug;
		};
		EAC172B424697F9B0004960F /* Release */ = {
			isa = XCBuildConfiguration;
			buildSettings = {
				ASSETCATALOG_COMPILER_APPICON_NAME = AppIcon;
				CODE_SIGN_STYLE = Automatic;
				DEVELOPMENT_TEAM = DUBLSFJH5H;
				INFOPLIST_FILE = ScanBarcode/Info.plist;
				IPHONEOS_DEPLOYMENT_TARGET = 10.3;
				LD_RUNPATH_SEARCH_PATHS = (
					"$(inherited)",
					"@executable_path/Frameworks",
				);
				PRODUCT_BUNDLE_IDENTIFIER = com.vivutech.ScanBarcode;
				PRODUCT_NAME = "$(TARGET_NAME)";
				SWIFT_VERSION = 5.0;
				TARGETED_DEVICE_FAMILY = "1,2";
			};
			name = Release;
		};
/* End XCBuildConfiguration section */

/* Begin XCConfigurationList section */
		EAC1729924697F9A0004960F /* Build configuration list for PBXProject "ScanBarcode" */ = {
			isa = XCConfigurationList;
			buildConfigurations = (
				EAC172B024697F9B0004960F /* Debug */,
				EAC172B124697F9B0004960F /* Release */,
			);
			defaultConfigurationIsVisible = 0;
			defaultConfigurationName = Release;
		};
		EAC172B224697F9B0004960F /* Build configuration list for PBXNativeTarget "ScanBarcode" */ = {
			isa = XCConfigurationList;
			buildConfigurations = (
				EAC172B324697F9B0004960F /* Debug */,
				EAC172B424697F9B0004960F /* Release */,
			);
			defaultConfigurationIsVisible = 0;
			defaultConfigurationName = Release;
		};
/* End XCConfigurationList section */
	};
	rootObject = EAC1729624697F9A0004960F /* Project object */;
}
